
Microsoft Visual Studio Solution File, Format Version 12.00
# Visual Studio 2012
Project("{FAE04EC0-301F-11D3-BF4B-00C04F79EFBC}") = "ModernApp4Me_WinRT", "ModernApp4Me_WinRT\ModernApp4Me_WinRT.csproj", "{5DD4F4A3-99AB-4162-BB45-27DE2D59D605}"
EndProject
Project("{FAE04EC0-301F-11D3-BF4B-00C04F79EFBC}") = "ModernApp4Me_WP8", "ModernApp4Me_WP8\ModernApp4Me_WP8.csproj", "{87208386-BD0F-463D-B347-60FA3D72C5B9}"
EndProject
Project("{FAE04EC0-301F-11D3-BF4B-00C04F79EFBC}") = "ModernApp4Me_WP7", "ModernApp4Me_WP7\ModernApp4Me_WP7.csproj", "{4AD6ACED-D95C-4BF9-928D-E99FC7F30975}"
EndProject
Project("{FAE04EC0-301F-11D3-BF4B-00C04F79EFBC}") = "ModernApp4Me.Core", "ModernApp4Me.Core\ModernApp4Me.Core.csproj", "{0BBEE225-982F-444F-851F-057E61D6168C}"
EndProject
Project("{FAE04EC0-301F-11D3-BF4B-00C04F79EFBC}") = "ModernApp4Me.WP7.SnSLogger", "ModernApp4Me.WP7.SnSLogger\ModernApp4Me.WP7.SnSLogger.csproj", "{2425137A-22D2-4A4A-8A1B-E07F9BF3B52B}"
EndProject
Project("{FAE04EC0-301F-11D3-BF4B-00C04F79EFBC}") = "ModernApp4Me.WP8.SnSResolution", "ModernApp4Me.WP8.SnSResolution\ModernApp4Me.WP8.SnSResolution.csproj", "{C7661330-88AA-4F4F-8CEF-D484024F8C14}"
EndProject
Project("{FAE04EC0-301F-11D3-BF4B-00C04F79EFBC}") = "ModernApp4Me.WP7.SnSViewModel", "ModernApp4Me.WP7.SnSViewModel\ModernApp4Me.WP7.SnSViewModel.csproj", "{DA253660-66C3-4E0E-91E7-7232E26CC072}"
EndProject
Project("{FAE04EC0-301F-11D3-BF4B-00C04F79EFBC}") = "ModernApp4Me.WP7.SnSWebService", "ModernApp4Me.WP7.SnSWebService\ModernApp4Me.WP7.SnSWebService.csproj", "{98A63000-E5D0-4113-B72E-CDB1F2090C28}"
EndProject
Project("{FAE04EC0-301F-11D3-BF4B-00C04F79EFBC}") = "ModernApp4Me.WP8.SnSWebService", "ModernApp4Me.WP8.SnSWebService\ModernApp4Me.WP8.SnSWebService.csproj", "{68BEC0C8-F812-4400-9C8A-5F8C082A7276}"
EndProject
Global
	GlobalSection(SolutionConfigurationPlatforms) = preSolution
		Debug|Any CPU = Debug|Any CPU
		Debug|ARM = Debug|ARM
		Debug|x64 = Debug|x64
		Debug|x86 = Debug|x86
		Release|Any CPU = Release|Any CPU
		Release|ARM = Release|ARM
		Release|x64 = Release|x64
		Release|x86 = Release|x86
	EndGlobalSection
	GlobalSection(ProjectConfigurationPlatforms) = postSolution
		{5DD4F4A3-99AB-4162-BB45-27DE2D59D605}.Debug|Any CPU.ActiveCfg = Debug|Any CPU
		{5DD4F4A3-99AB-4162-BB45-27DE2D59D605}.Debug|Any CPU.Build.0 = Debug|Any CPU
		{5DD4F4A3-99AB-4162-BB45-27DE2D59D605}.Debug|ARM.ActiveCfg = Debug|ARM
		{5DD4F4A3-99AB-4162-BB45-27DE2D59D605}.Debug|ARM.Build.0 = Debug|ARM
		{5DD4F4A3-99AB-4162-BB45-27DE2D59D605}.Debug|x64.ActiveCfg = Debug|x64
		{5DD4F4A3-99AB-4162-BB45-27DE2D59D605}.Debug|x64.Build.0 = Debug|x64
		{5DD4F4A3-99AB-4162-BB45-27DE2D59D605}.Debug|x86.ActiveCfg = Debug|x86
		{5DD4F4A3-99AB-4162-BB45-27DE2D59D605}.Debug|x86.Build.0 = Debug|x86
		{5DD4F4A3-99AB-4162-BB45-27DE2D59D605}.Release|Any CPU.ActiveCfg = Release|Any CPU
		{5DD4F4A3-99AB-4162-BB45-27DE2D59D605}.Release|Any CPU.Build.0 = Release|Any CPU
		{5DD4F4A3-99AB-4162-BB45-27DE2D59D605}.Release|ARM.ActiveCfg = Release|ARM
		{5DD4F4A3-99AB-4162-BB45-27DE2D59D605}.Release|ARM.Build.0 = Release|ARM
		{5DD4F4A3-99AB-4162-BB45-27DE2D59D605}.Release|x64.ActiveCfg = Release|x64
		{5DD4F4A3-99AB-4162-BB45-27DE2D59D605}.Release|x64.Build.0 = Release|x64
		{5DD4F4A3-99AB-4162-BB45-27DE2D59D605}.Release|x86.ActiveCfg = Release|x86
		{5DD4F4A3-99AB-4162-BB45-27DE2D59D605}.Release|x86.Build.0 = Release|x86
		{87208386-BD0F-463D-B347-60FA3D72C5B9}.Debug|Any CPU.ActiveCfg = Debug|Any CPU
		{87208386-BD0F-463D-B347-60FA3D72C5B9}.Debug|Any CPU.Build.0 = Debug|Any CPU
		{87208386-BD0F-463D-B347-60FA3D72C5B9}.Debug|ARM.ActiveCfg = Debug|ARM
		{87208386-BD0F-463D-B347-60FA3D72C5B9}.Debug|ARM.Build.0 = Debug|ARM
		{87208386-BD0F-463D-B347-60FA3D72C5B9}.Debug|x64.ActiveCfg = Debug|Any CPU
		{87208386-BD0F-463D-B347-60FA3D72C5B9}.Debug|x86.ActiveCfg = Debug|x86
		{87208386-BD0F-463D-B347-60FA3D72C5B9}.Debug|x86.Build.0 = Debug|x86
		{87208386-BD0F-463D-B347-60FA3D72C5B9}.Release|Any CPU.ActiveCfg = Release|Any CPU
		{87208386-BD0F-463D-B347-60FA3D72C5B9}.Release|Any CPU.Build.0 = Release|Any CPU
		{87208386-BD0F-463D-B347-60FA3D72C5B9}.Release|ARM.ActiveCfg = Release|ARM
		{87208386-BD0F-463D-B347-60FA3D72C5B9}.Release|ARM.Build.0 = Release|ARM
		{87208386-BD0F-463D-B347-60FA3D72C5B9}.Release|x64.ActiveCfg = Release|Any CPU
		{87208386-BD0F-463D-B347-60FA3D72C5B9}.Release|x86.ActiveCfg = Release|x86
		{87208386-BD0F-463D-B347-60FA3D72C5B9}.Release|x86.Build.0 = Release|x86
		{4AD6ACED-D95C-4BF9-928D-E99FC7F30975}.Debug|Any CPU.ActiveCfg = Debug|Any CPU
		{4AD6ACED-D95C-4BF9-928D-E99FC7F30975}.Debug|Any CPU.Build.0 = Debug|Any CPU
		{4AD6ACED-D95C-4BF9-928D-E99FC7F30975}.Debug|ARM.ActiveCfg = Debug|Any CPU
		{4AD6ACED-D95C-4BF9-928D-E99FC7F30975}.Debug|x64.ActiveCfg = Debug|Any CPU
		{4AD6ACED-D95C-4BF9-928D-E99FC7F30975}.Debug|x86.ActiveCfg = Debug|Any CPU
		{4AD6ACED-D95C-4BF9-928D-E99FC7F30975}.Release|Any CPU.ActiveCfg = Release|Any CPU
		{4AD6ACED-D95C-4BF9-928D-E99FC7F30975}.Release|Any CPU.Build.0 = Release|Any CPU
		{4AD6ACED-D95C-4BF9-928D-E99FC7F30975}.Release|ARM.ActiveCfg = Release|Any CPU
		{4AD6ACED-D95C-4BF9-928D-E99FC7F30975}.Release|x64.ActiveCfg = Release|Any CPU
		{4AD6ACED-D95C-4BF9-928D-E99FC7F30975}.Release|x86.ActiveCfg = Release|Any CPU
		{0BBEE225-982F-444F-851F-057E61D6168C}.Debug|Any CPU.ActiveCfg = Debug|Any CPU
		{0BBEE225-982F-444F-851F-057E61D6168C}.Debug|Any CPU.Build.0 = Debug|Any CPU
		{0BBEE225-982F-444F-851F-057E61D6168C}.Debug|ARM.ActiveCfg = Debug|Any CPU
		{0BBEE225-982F-444F-851F-057E61D6168C}.Debug|x64.ActiveCfg = Debug|Any CPU
		{0BBEE225-982F-444F-851F-057E61D6168C}.Debug|x86.ActiveCfg = Debug|Any CPU
		{0BBEE225-982F-444F-851F-057E61D6168C}.Release|Any CPU.ActiveCfg = Release|Any CPU
		{0BBEE225-982F-444F-851F-057E61D6168C}.Release|Any CPU.Build.0 = Release|Any CPU
		{0BBEE225-982F-444F-851F-057E61D6168C}.Release|ARM.ActiveCfg = Release|Any CPU
		{0BBEE225-982F-444F-851F-057E61D6168C}.Release|x64.ActiveCfg = Release|Any CPU
		{0BBEE225-982F-444F-851F-057E61D6168C}.Release|x86.ActiveCfg = Release|Any CPU
		{2425137A-22D2-4A4A-8A1B-E07F9BF3B52B}.Debug|Any CPU.ActiveCfg = Debug|Any CPU
		{2425137A-22D2-4A4A-8A1B-E07F9BF3B52B}.Debug|Any CPU.Build.0 = Debug|Any CPU
		{2425137A-22D2-4A4A-8A1B-E07F9BF3B52B}.Debug|ARM.ActiveCfg = Debug|Any CPU
		{2425137A-22D2-4A4A-8A1B-E07F9BF3B52B}.Debug|x64.ActiveCfg = Debug|Any CPU
		{2425137A-22D2-4A4A-8A1B-E07F9BF3B52B}.Debug|x86.ActiveCfg = Debug|Any CPU
		{2425137A-22D2-4A4A-8A1B-E07F9BF3B52B}.Release|Any CPU.ActiveCfg = Release|Any CPU
		{2425137A-22D2-4A4A-8A1B-E07F9BF3B52B}.Release|Any CPU.Build.0 = Release|Any CPU
		{2425137A-22D2-4A4A-8A1B-E07F9BF3B52B}.Release|ARM.ActiveCfg = Release|Any CPU
		{2425137A-22D2-4A4A-8A1B-E07F9BF3B52B}.Release|x64.ActiveCfg = Release|Any CPU
		{2425137A-22D2-4A4A-8A1B-E07F9BF3B52B}.Release|x86.ActiveCfg = Release|Any CPU
		{C7661330-88AA-4F4F-8CEF-D484024F8C14}.Debug|Any CPU.ActiveCfg = Debug|Any CPU
		{C7661330-88AA-4F4F-8CEF-D484024F8C14}.Debug|Any CPU.Build.0 = Debug|Any CPU
		{C7661330-88AA-4F4F-8CEF-D484024F8C14}.Debug|ARM.ActiveCfg = Debug|ARM
		{C7661330-88AA-4F4F-8CEF-D484024F8C14}.Debug|ARM.Build.0 = Debug|ARM
		{C7661330-88AA-4F4F-8CEF-D484024F8C14}.Debug|x64.ActiveCfg = Debug|Any CPU
		{C7661330-88AA-4F4F-8CEF-D484024F8C14}.Debug|x86.ActiveCfg = Debug|x86
		{C7661330-88AA-4F4F-8CEF-D484024F8C14}.Debug|x86.Build.0 = Debug|x86
		{C7661330-88AA-4F4F-8CEF-D484024F8C14}.Release|Any CPU.ActiveCfg = Release|Any CPU
		{C7661330-88AA-4F4F-8CEF-D484024F8C14}.Release|Any CPU.Build.0 = Release|Any CPU
		{C7661330-88AA-4F4F-8CEF-D484024F8C14}.Release|ARM.ActiveCfg = Release|ARM
		{C7661330-88AA-4F4F-8CEF-D484024F8C14}.Release|ARM.Build.0 = Release|ARM
		{C7661330-88AA-4F4F-8CEF-D484024F8C14}.Release|x64.ActiveCfg = Release|Any CPU
		{C7661330-88AA-4F4F-8CEF-D484024F8C14}.Release|x86.ActiveCfg = Release|x86
		{C7661330-88AA-4F4F-8CEF-D484024F8C14}.Release|x86.Build.0 = Release|x86
		{DA253660-66C3-4E0E-91E7-7232E26CC072}.Debug|Any CPU.ActiveCfg = Debug|Any CPU
		{DA253660-66C3-4E0E-91E7-7232E26CC072}.Debug|Any CPU.Build.0 = Debug|Any CPU
		{DA253660-66C3-4E0E-91E7-7232E26CC072}.Debug|ARM.ActiveCfg = Debug|Any CPU
		{DA253660-66C3-4E0E-91E7-7232E26CC072}.Debug|x64.ActiveCfg = Debug|Any CPU
		{DA253660-66C3-4E0E-91E7-7232E26CC072}.Debug|x86.ActiveCfg = Debug|Any CPU
		{DA253660-66C3-4E0E-91E7-7232E26CC072}.Release|Any CPU.ActiveCfg = Release|Any CPU
		{DA253660-66C3-4E0E-91E7-7232E26CC072}.Release|Any CPU.Build.0 = Release|Any CPU
		{DA253660-66C3-4E0E-91E7-7232E26CC072}.Release|ARM.ActiveCfg = Release|Any CPU
		{DA253660-66C3-4E0E-91E7-7232E26CC072}.Release|x64.ActiveCfg = Release|Any CPU
		{DA253660-66C3-4E0E-91E7-7232E26CC072}.Release|x86.ActiveCfg = Release|Any CPU
		{98A63000-E5D0-4113-B72E-CDB1F2090C28}.Debug|Any CPU.ActiveCfg = Debug|Any CPU
		{98A63000-E5D0-4113-B72E-CDB1F2090C28}.Debug|Any CPU.Build.0 = Debug|Any CPU
		{98A63000-E5D0-4113-B72E-CDB1F2090C28}.Debug|ARM.ActiveCfg = Debug|Any CPU
		{98A63000-E5D0-4113-B72E-CDB1F2090C28}.Debug|x64.ActiveCfg = Debug|Any CPU
		{98A63000-E5D0-4113-B72E-CDB1F2090C28}.Debug|x86.ActiveCfg = Debug|Any CPU
		{98A63000-E5D0-4113-B72E-CDB1F2090C28}.Release|Any CPU.ActiveCfg = Release|Any CPU
		{98A63000-E5D0-4113-B72E-CDB1F2090C28}.Release|Any CPU.Build.0 = Release|Any CPU
		{98A63000-E5D0-4113-B72E-CDB1F2090C28}.Release|ARM.ActiveCfg = Release|Any CPU
		{98A63000-E5D0-4113-B72E-CDB1F2090C28}.Release|x64.ActiveCfg = Release|Any CPU
		{98A63000-E5D0-4113-B72E-CDB1F2090C28}.Release|x86.ActiveCfg = Release|Any CPU
		{68BEC0C8-F812-4400-9C8A-5F8C082A7276}.Debug|Any CPU.ActiveCfg = Debug|Any CPU
		{68BEC0C8-F812-4400-9C8A-5F8C082A7276}.Debug|Any CPU.Build.0 = Debug|Any CPU
		{68BEC0C8-F812-4400-9C8A-5F8C082A7276}.Debug|ARM.ActiveCfg = Debug|ARM
		{68BEC0C8-F812-4400-9C8A-5F8C082A7276}.Debug|ARM.Build.0 = Debug|ARM
		{68BEC0C8-F812-4400-9C8A-5F8C082A7276}.Debug|x64.ActiveCfg = Debug|Any CPU
		{68BEC0C8-F812-4400-9C8A-5F8C082A7276}.Debug|x86.ActiveCfg = Debug|x86
		{68BEC0C8-F812-4400-9C8A-5F8C082A7276}.Debug|x86.Build.0 = Debug|x86
		{68BEC0C8-F812-4400-9C8A-5F8C082A7276}.Release|Any CPU.ActiveCfg = Release|Any CPU
		{68BEC0C8-F812-4400-9C8A-5F8C082A7276}.Release|Any CPU.Build.0 = Release|Any CPU
		{68BEC0C8-F812-4400-9C8A-5F8C082A7276}.Release|ARM.ActiveCfg = Release|ARM
		{68BEC0C8-F812-4400-9C8A-5F8C082A7276}.Release|ARM.Build.0 = Release|ARM
		{68BEC0C8-F812-4400-9C8A-5F8C082A7276}.Release|x64.ActiveCfg = Release|Any CPU
		{68BEC0C8-F812-4400-9C8A-5F8C082A7276}.Release|x86.ActiveCfg = Release|x86
		{68BEC0C8-F812-4400-9C8A-5F8C082A7276}.Release|x86.Build.0 = Release|x86
	EndGlobalSection
	GlobalSection(SolutionProperties) = preSolution
		HideSolutionNode = FALSE
	EndGlobalSection
EndGlobal
